{
  "version": 4,
  "terraform_version": "1.11.2",
  "serial": 255,
  "lineage": "c287efd0-292a-9de1-7f68-f045367d701b",
  "outputs": {
    "backend_alb_dns": {
      "value": "aruthra-backend-alb-731849470.us-east-1.elb.amazonaws.com",
      "type": "string"
    },
    "frontend_alb_dns": {
      "value": "aruthra-frontend-alb-293942360.us-east-1.elb.amazonaws.com",
      "type": "string"
    },
    "private_key_pem": {
      "value": "-----BEGIN RSA PRIVATE KEY-----\nMIIJJwIBAAKCAgEA3Wy1vAo6cl1jXgSfIRhm7r/1lMqBPPR/XvDIvaurk7jCedED\nrJH/xSh5HcEzA3j27j8Z1v/AiNa9oXop/AbH8QbM2mMvp2RsxF/hPkhU6MPa9bC2\nS0M06zy5kKhlj/Gp6yEbhG9ZE8groetNfXGVxpqChktYfdnyVzmHsUsfOfqdP/mi\nFxt/IrLMysBJSQ0rxLNuyiUo1p0YySK3YHEi0JFPstz7Y5cOiZByLflU5ZKCIIT2\nUk05CabP244BwLqxa0Kq3xlbqFxzXbhNrxBEj2/5Ko6QvWAtFNV91TZw+/QOB4fK\ntCscU4aVcfJz6NNLDHxBIBursDU9jZiiGbWDRZo7TCdPdVZCrpQfz5hevlXJx8vU\nfUY13qitt2aIr+IBRFqkhFEw9s4S1LrgIil3o3h9cLj+EvO3H2F5Chx778iNQyw4\nZMVDDK8o4QWmNthrwaDLUdgh0X43/MYTmre4IR6DZ4tRv1uO0M+ehOGsXG85u5KV\ndS9uTk1OHF5QwyMKWXKbchM+KFcAOJe+iNlP1n2H+q6d8MGG7j1E+yKrY2qswcoK\nMvGLZrY4hl/rQ4DA8s09RgdHwKaiamrmWv7jNB+/zJX3hvi9s+kuOkdAUoI8QFD2\nPOskQTNkfutWxWyCeXYgLywQI+WDJSrUwkaNNdCRuvhEj7sZT/OsAviHckkCAwEA\nAQKCAf8o2TRab9e2HhYTabhI/tOODFRz19VATF/yh8YlKw/HC064MKDzhk7rtuU7\nJ59OHatXTrkHUrCcaIBAD6kySfkmUkJhkv18ReDuUQzKMCXNKuIlQVt22kJqBBCj\n9p734JkrPhGlo7UxL4AI3fwFnwWgtuzo4+adI0Kiki54Vs+48yM7HKKaoskismch\n7ZfRxyvdmKa8n/CLGaAVCrAvvvYqIivcvIf7ZPNP29Tx/8q+fsOLJ3UNXkiTs0c/\nXS+kbRNpD74FuYJpis5PWo+QHhjCHwNAlhbY8eU5uoSM7AmpVnGbta3Gb+8jWEiq\nC+COcvn1AobXkUEr1Hz26Q42wrHi7povaC7DxP+toTySNkk8ySQuWVg9y7wR7FXv\nLsx+IykjuDfL4/1aVoQs6ZJTvK44lalQhivjK57camR7AQRwG10RvI5lMMKrYAJa\nwqPJX89aiuTd1i/Ad6kevNBMyYX55OSdzoUSH8IUAt1L4xFUs2g043C17MIQ5rkc\ncaBI5lLaGQL8EbIpEFc65ZWolCZ1DplAI45jyOMkYT9HCVq6iUAJ2i3EJJhNbDmc\nINj5kFk4pb8SGbYIaCDCD+8N8zsAM1amxGmZkBKWB/7rd2Joqzld7kbmFi2FHPEV\nqBpzcwIkgwonhGnl/j/46vtlhSGkDDZqZ7uFDtPItFGaPyS9AoIBAQDhnsImbWfe\nzKKiXBWyfQpH2q3iwt0QQ4Fl0F6WGX/sePaNoOL6+X4NY6CbjrkXCWRVtWRg6xR8\nbK40CpudtcpoBgppNu5LdgQCXa0DDTo/x4J8vToR0hBF4m3crRxsPhz7hduabeCj\nSIXT1jHR50qn3wSn8Cx+xmNzf+wDSSSV7HnxG+uzArqhoB5/pvHFzfZgT36lSHC9\nXfGISriVuHw86Ur66YC6jLDBbAM2G3VEAUHWUa9qq9q0MaPAOa0JPJUJgSD2pNHc\nsZPeJdnK7b0QoX2zhiUnD7oQW6HgpznfHVkbcXGFDaQOOeQ+T7PI+jlijldv8loL\nFDmtAwxSL1h/AoIBAQD7PVSVyHyxX2Q+84KJ2FkO6+6e04x0eqY+gZLGjh7D+132\nTwMn3n9k5DZ4TKzDuZzM9E/SmPA6wyebEYX+nAtGi6/0w1C3DQh4MrCnfhefdKC9\nLRqOfwZB/014MTr17QrdMDEFvuYG2j1tOFs9ZCAfSJM0ezYYw3diX9DVVkGULNY3\nAsIjE4kOR4xx5ZoRrfhrOrIIwDw9fbufWDj99JKKpRH+6Uw2cp+PqiM0HMPEI+yc\nzBBedsY9R8eH2u/PyvsD7H1krCl0dqv5VfwDmQW1bx0hud0fJ0ZGvX2mEeXaL63G\nGwWj17PMFPQrstCgs0Eh/qx335hOMwbsKDQPBRE3AoIBAD9ZFQg3Fb//0vYlRs5L\nv3Q3WTVfIzSqz40nuTcJx9o8iHVxo+l13ceinniu1Rc7wtkxyhJQTvs0hKEGDXV1\nknQspgWur6+uXifP54EA2McJnICrnL9eLMWCcvhP/rgBpJ+WkPdGPJl8Bl9ZN7nI\n6DREMQl6LPQXfdrzIvA1PDmAISjqfv5PGNnCnG2ZES9JyhB2oYeE1GrHEscCu9sF\n5pQvqKbUoxk94W8dhbVOdll2xOaJHuijgg+wFFsnlocOZIY7pGa8FlSR44OvOvx4\nTep6fVHHq2zRRJvNLqFmMqCLm/ZRnt8N2m9IH+bC+CbI4w3iC3jaIiAUOLF0NqRo\nuL8CggEBAOQlcH9H/XuwzT6hMMRuc4kqVJlkL+LCUd7nGVs3SdbcmBoI7CuzT+pV\nluUtc6GVFz/DCA2NFnG2MGwPwKdSGqcoSFOzXcOskSldlq+ywE7rwN+parlFvnAG\nH9pqkkkqxbfQgGPgU9CbNDbPe4NHPihKZmq9DIX2Up5BtklUt96PzMNNvO/PWKFf\n9bikMIGngrQVLADoWIvadpufqLls8/n1Jl9eiffTpPP4I1m6WUfu+3nzkVXG9ARH\n/3huJ2GByOpqQgA+mrKI5WhZXa4Csn1s9n5e4t7ccmPgxY4eKKU2sM36UefUBBDq\nYkSgb/XOcfIl64Y7xHoWuk2PwJ53EocCggEAUZH0sxsjQpkaycVuW1MXROqAw7Vl\nWF+UrvyZSpG4peXRaJX6Sra9pLnR6OFvZLt6WmilcJUgYGVJ6uXHigbRxcVYJuOx\n7Ty3RZmYYQswAf9hTqt83ENbdqB0L2duxhu20ybCNRaq4lEJsIAPJ6A5LzP8a6/E\nPgcqdmtMjdLNPedL9qHSD2EjAUIeJ4khWKqRAtS8GLPnp5UmtLMbtSwgY/PkY4k8\n1Bq/heKrv2jGFWWb19vtw3P1NTmGRPZ8qBvIZAXbDtJ6ZYyrX/DwMZVy46SQjnbB\nzL+gKMNh4Ln2I8PKVwwHDjo1c2sHGYCIttZBZlwaZZ9qPIERz+QEMxHoMA==\n-----END RSA PRIVATE KEY-----\n",
      "type": "string",
      "sensitive": true
    }
  },
  "resources": [
    {
      "mode": "data",
      "type": "aws_ami",
      "name": "ecs_ami",
      "provider": "provider[\"registry.terraform.io/hashicorp/aws\"]",
      "instances": [
        {
          "schema_version": 0,
          "attributes": {
            "architecture": "x86_64",
            "arn": "arn:aws:ec2:us-east-1::image/ami-03afdcc08c89cd0b8",
            "block_device_mappings": [
              {
                "device_name": "/dev/xvda",
                "ebs": {
                  "delete_on_termination": "true",
                  "encrypted": "false",
                  "iops": "0",
                  "snapshot_id": "snap-00b9959f2068475fd",
                  "throughput": "0",
                  "volume_size": "30",
                  "volume_type": "gp2"
                },
                "no_device": "",
                "virtual_name": ""
              }
            ],
            "boot_mode": "",
            "creation_date": "2025-05-17T20:02:21.000Z",
            "deprecation_time": "2027-05-17T20:02:21.000Z",
            "description": "Amazon Linux AMI 2.0.20250516 x86_64 ECS HVM GP2",
            "ena_support": true,
            "executable_users": null,
            "filter": [
              {
                "name": "name",
                "values": [
                  "amzn2-ami-ecs-hvm-*-x86_64-ebs"
                ]
              }
            ],
            "hypervisor": "xen",
            "id": "ami-03afdcc08c89cd0b8",
            "image_id": "ami-03afdcc08c89cd0b8",
            "image_location": "amazon/amzn2-ami-ecs-hvm-2.0.20250516-x86_64-ebs",
            "image_owner_alias": "amazon",
            "image_type": "machine",
            "imds_support": "",
            "include_deprecated": false,
            "kernel_id": "",
            "last_launched_time": "",
            "most_recent": true,
            "name": "amzn2-ami-ecs-hvm-2.0.20250516-x86_64-ebs",
            "name_regex": null,
            "owner_id": "591542846629",
            "owners": [
              "amazon"
            ],
            "platform": "",
            "platform_details": "Linux/UNIX",
            "product_codes": [],
            "public": true,
            "ramdisk_id": "",
            "root_device_name": "/dev/xvda",
            "root_device_type": "ebs",
            "root_snapshot_id": "snap-00b9959f2068475fd",
            "sriov_net_support": "simple",
            "state": "available",
            "state_reason": {
              "code": "UNSET",
              "message": "UNSET"
            },
            "tags": {},
            "timeouts": null,
            "tpm_support": "",
            "uefi_data": null,
            "usage_operation": "RunInstances",
            "virtualization_type": "hvm"
          },
          "sensitive_attributes": []
        }
      ]
    },
    {
      "mode": "data",
      "type": "aws_subnets",
      "name": "default",
      "provider": "provider[\"registry.terraform.io/hashicorp/aws\"]",
      "instances": [
        {
          "schema_version": 0,
          "attributes": {
            "filter": [
              {
                "name": "availability-zone",
                "values": [
                  "us-east-1a",
                  "us-east-1b",
                  "us-east-1c"
                ]
              },
              {
                "name": "vpc-id",
                "values": [
                  "vpc-0ab7b2bd2753c10d9"
                ]
              }
            ],
            "id": "us-east-1",
            "ids": [
              "subnet-0f4edde0adb3e75eb",
              "subnet-05c13913b5ca45845",
              "subnet-0c6059d72b0f4f78d"
            ],
            "tags": null,
            "timeouts": null
          },
          "sensitive_attributes": []
        }
      ]
    },
    {
      "mode": "data",
      "type": "aws_vpc",
      "name": "default",
      "provider": "provider[\"registry.terraform.io/hashicorp/aws\"]",
      "instances": [
        {
          "schema_version": 0,
          "attributes": {
            "arn": "arn:aws:ec2:us-east-1:307946674949:vpc/vpc-0ab7b2bd2753c10d9",
            "cidr_block": "172.31.0.0/16",
            "cidr_block_associations": [
              {
                "association_id": "vpc-cidr-assoc-09c22f9bcb86f6312",
                "cidr_block": "172.31.0.0/16",
                "state": "associated"
              }
            ],
            "default": true,
            "dhcp_options_id": "dopt-075a642d8860350bb",
            "enable_dns_hostnames": true,
            "enable_dns_support": true,
            "enable_network_address_usage_metrics": false,
            "filter": null,
            "id": "vpc-0ab7b2bd2753c10d9",
            "instance_tenancy": "default",
            "ipv6_association_id": "",
            "ipv6_cidr_block": "",
            "main_route_table_id": "rtb-012ac69279f4bdb1b",
            "owner_id": "307946674949",
            "state": null,
            "tags": {},
            "timeouts": null
          },
          "sensitive_attributes": []
        }
      ]
    },
    {
      "mode": "managed",
      "type": "aws_autoscaling_group",
      "name": "backend_asg",
      "provider": "provider[\"registry.terraform.io/hashicorp/aws\"]",
      "instances": [
        {
          "schema_version": 1,
          "attributes": {
            "arn": "arn:aws:autoscaling:us-east-1:307946674949:autoScalingGroup:6ab24de8-4a87-4812-b34a-292a3606da17:autoScalingGroupName/backend-ecs-asg-20250521060544165000000007",
            "availability_zone_distribution": [
              {
                "capacity_distribution_strategy": "balanced-best-effort"
              }
            ],
            "availability_zones": [
              "us-east-1a",
              "us-east-1b",
              "us-east-1c"
            ],
            "capacity_rebalance": false,
            "capacity_reservation_specification": [
              {
                "capacity_reservation_preference": "default",
                "capacity_reservation_target": []
              }
            ],
            "context": "",
            "default_cooldown": 300,
            "default_instance_warmup": 0,
            "desired_capacity": 1,
            "desired_capacity_type": "",
            "enabled_metrics": null,
            "force_delete": false,
            "force_delete_warm_pool": false,
            "health_check_grace_period": 300,
            "health_check_type": "EC2",
            "id": "backend-ecs-asg-20250521060544165000000007",
            "ignore_failed_scaling_activities": false,
            "initial_lifecycle_hook": [],
            "instance_maintenance_policy": [],
            "instance_refresh": [],
            "launch_configuration": "",
            "launch_template": [
              {
                "id": "lt-0a18c65abb8f8ca56",
                "name": "backend-ecs-launch-template-20250521060537089500000002",
                "version": "$Latest"
              }
            ],
            "load_balancers": [],
            "max_instance_lifetime": 0,
            "max_size": 2,
            "metrics_granularity": "1Minute",
            "min_elb_capacity": null,
            "min_size": 1,
            "mixed_instances_policy": [],
            "name": "backend-ecs-asg-20250521060544165000000007",
            "name_prefix": "backend-ecs-asg-",
            "placement_group": "",
            "predicted_capacity": 0,
            "protect_from_scale_in": false,
            "service_linked_role_arn": "arn:aws:iam::307946674949:role/aws-service-role/autoscaling.amazonaws.com/AWSServiceRoleForAutoScaling",
            "suspended_processes": null,
            "tag": [
              {
                "key": "Name",
                "propagate_at_launch": true,
                "value": "backend-ecs-instance"
              }
            ],
            "target_group_arns": [],
            "termination_policies": null,
            "timeouts": null,
            "traffic_source": [],
            "vpc_zone_identifier": [
              "subnet-05c13913b5ca45845",
              "subnet-0c6059d72b0f4f78d",
              "subnet-0f4edde0adb3e75eb"
            ],
            "wait_for_capacity_timeout": "10m",
            "wait_for_elb_capacity": null,
            "warm_pool": [],
            "warm_pool_size": 0
          },
          "sensitive_attributes": [],
          "private": "eyJlMmJmYjczMC1lY2FhLTExZTYtOGY4OC0zNDM2M2JjN2M0YzAiOnsiZGVsZXRlIjo2MDAwMDAwMDAwMDAsInVwZGF0ZSI6NjAwMDAwMDAwMDAwfSwic2NoZW1hX3ZlcnNpb24iOiIxIn0=",
          "dependencies": [
            "aws_ecs_cluster.backend_cluster",
            "aws_iam_instance_profile.ecs_instance_profile",
            "aws_iam_role.ecs_instance_role",
            "aws_key_pair.ecs_key",
            "aws_launch_template.backend_lt",
            "aws_security_group.backend_alb_sg",
            "aws_security_group.backend_ecs_sg",
            "data.aws_ami.ecs_ami",
            "data.aws_subnets.default",
            "data.aws_vpc.default",
            "tls_private_key.ecs_key"
          ]
        }
      ]
    },
    {
      "mode": "managed",
      "type": "aws_autoscaling_group",
      "name": "frontend_asg",
      "provider": "provider[\"registry.terraform.io/hashicorp/aws\"]",
      "instances": [
        {
          "schema_version": 1,
          "attributes": {
            "arn": "arn:aws:autoscaling:us-east-1:307946674949:autoScalingGroup:f439d761-f2f8-478a-8c73-d48510549a31:autoScalingGroupName/frontend-ecs-asg-20250521060544154400000006",
            "availability_zone_distribution": [
              {
                "capacity_distribution_strategy": "balanced-best-effort"
              }
            ],
            "availability_zones": [
              "us-east-1a",
              "us-east-1b",
              "us-east-1c"
            ],
            "capacity_rebalance": false,
            "capacity_reservation_specification": [
              {
                "capacity_reservation_preference": "default",
                "capacity_reservation_target": []
              }
            ],
            "context": "",
            "default_cooldown": 300,
            "default_instance_warmup": 0,
            "desired_capacity": 1,
            "desired_capacity_type": "",
            "enabled_metrics": null,
            "force_delete": false,
            "force_delete_warm_pool": false,
            "health_check_grace_period": 300,
            "health_check_type": "EC2",
            "id": "frontend-ecs-asg-20250521060544154400000006",
            "ignore_failed_scaling_activities": false,
            "initial_lifecycle_hook": [],
            "instance_maintenance_policy": [],
            "instance_refresh": [],
            "launch_configuration": "",
            "launch_template": [
              {
                "id": "lt-0d076fa6d1b6176ea",
                "name": "frontend-ecs-launch-template-20250521060537089600000004",
                "version": "$Latest"
              }
            ],
            "load_balancers": [],
            "max_instance_lifetime": 0,
            "max_size": 2,
            "metrics_granularity": "1Minute",
            "min_elb_capacity": null,
            "min_size": 1,
            "mixed_instances_policy": [],
            "name": "frontend-ecs-asg-20250521060544154400000006",
            "name_prefix": "frontend-ecs-asg-",
            "placement_group": "",
            "predicted_capacity": 0,
            "protect_from_scale_in": false,
            "service_linked_role_arn": "arn:aws:iam::307946674949:role/aws-service-role/autoscaling.amazonaws.com/AWSServiceRoleForAutoScaling",
            "suspended_processes": null,
            "tag": [
              {
                "key": "Name",
                "propagate_at_launch": true,
                "value": "frontend-ecs-instance"
              }
            ],
            "target_group_arns": [],
            "termination_policies": null,
            "timeouts": null,
            "traffic_source": [],
            "vpc_zone_identifier": [
              "subnet-05c13913b5ca45845",
              "subnet-0c6059d72b0f4f78d",
              "subnet-0f4edde0adb3e75eb"
            ],
            "wait_for_capacity_timeout": "10m",
            "wait_for_elb_capacity": null,
            "warm_pool": [],
            "warm_pool_size": 0
          },
          "sensitive_attributes": [],
          "private": "eyJlMmJmYjczMC1lY2FhLTExZTYtOGY4OC0zNDM2M2JjN2M0YzAiOnsiZGVsZXRlIjo2MDAwMDAwMDAwMDAsInVwZGF0ZSI6NjAwMDAwMDAwMDAwfSwic2NoZW1hX3ZlcnNpb24iOiIxIn0=",
          "dependencies": [
            "aws_ecs_cluster.frontend_cluster",
            "aws_iam_instance_profile.ecs_instance_profile",
            "aws_iam_role.ecs_instance_role",
            "aws_key_pair.ecs_key",
            "aws_launch_template.frontend_lt",
            "aws_security_group.frontend_alb_sg",
            "aws_security_group.frontend_ecs_sg",
            "data.aws_ami.ecs_ami",
            "data.aws_subnets.default",
            "data.aws_vpc.default",
            "tls_private_key.ecs_key"
          ]
        }
      ]
    },
    {
      "mode": "managed",
      "type": "aws_ecs_cluster",
      "name": "backend_cluster",
      "provider": "provider[\"registry.terraform.io/hashicorp/aws\"]",
      "instances": [
        {
          "schema_version": 0,
          "attributes": {
            "arn": "arn:aws:ecs:us-east-1:307946674949:cluster/aruthra-backend-cluster",
            "configuration": [],
            "id": "arn:aws:ecs:us-east-1:307946674949:cluster/aruthra-backend-cluster",
            "name": "aruthra-backend-cluster",
            "service_connect_defaults": [],
            "setting": [
              {
                "name": "containerInsights",
                "value": "disabled"
              }
            ],
            "tags": null,
            "tags_all": {}
          },
          "sensitive_attributes": [],
          "private": "bnVsbA=="
        }
      ]
    },
    {
      "mode": "managed",
      "type": "aws_ecs_cluster",
      "name": "frontend_cluster",
      "provider": "provider[\"registry.terraform.io/hashicorp/aws\"]",
      "instances": [
        {
          "schema_version": 0,
          "attributes": {
            "arn": "arn:aws:ecs:us-east-1:307946674949:cluster/aruthra-frontend-cluster",
            "configuration": [],
            "id": "arn:aws:ecs:us-east-1:307946674949:cluster/aruthra-frontend-cluster",
            "name": "aruthra-frontend-cluster",
            "service_connect_defaults": [],
            "setting": [
              {
                "name": "containerInsights",
                "value": "disabled"
              }
            ],
            "tags": null,
            "tags_all": {}
          },
          "sensitive_attributes": [],
          "private": "bnVsbA=="
        }
      ]
    },
    {
      "mode": "managed",
      "type": "aws_ecs_service",
      "name": "backend_service",
      "provider": "provider[\"registry.terraform.io/hashicorp/aws\"]",
      "instances": [
        {
          "schema_version": 1,
          "attributes": {
            "alarms": [],
            "availability_zone_rebalancing": "DISABLED",
            "capacity_provider_strategy": [],
            "cluster": "arn:aws:ecs:us-east-1:307946674949:cluster/aruthra-backend-cluster",
            "deployment_circuit_breaker": [
              {
                "enable": false,
                "rollback": false
              }
            ],
            "deployment_controller": [
              {
                "type": "ECS"
              }
            ],
            "deployment_maximum_percent": 200,
            "deployment_minimum_healthy_percent": 50,
            "desired_count": 1,
            "enable_ecs_managed_tags": false,
            "enable_execute_command": false,
            "force_delete": null,
            "force_new_deployment": null,
            "health_check_grace_period_seconds": 0,
            "iam_role": "/aws-service-role/ecs.amazonaws.com/AWSServiceRoleForECS",
            "id": "arn:aws:ecs:us-east-1:307946674949:service/aruthra-backend-cluster/aruthra-backend-service",
            "launch_type": "EC2",
            "load_balancer": [
              {
                "container_name": "backend",
                "container_port": 5000,
                "elb_name": "",
                "target_group_arn": "arn:aws:elasticloadbalancing:us-east-1:307946674949:targetgroup/aruthra-backend-tg/1d9ddcee80d909f5"
              }
            ],
            "name": "aruthra-backend-service",
            "network_configuration": [],
            "ordered_placement_strategy": [],
            "placement_constraints": [],
            "platform_version": "",
            "propagate_tags": "NONE",
            "scheduling_strategy": "REPLICA",
            "service_connect_configuration": [],
            "service_registries": [],
            "tags": null,
            "tags_all": {},
            "task_definition": "arn:aws:ecs:us-east-1:307946674949:task-definition/aruthra-backend-task:6",
            "timeouts": null,
            "triggers": {},
            "volume_configuration": [],
            "vpc_lattice_configurations": [],
            "wait_for_steady_state": false
          },
          "sensitive_attributes": [],
          "private": "eyJlMmJmYjczMC1lY2FhLTExZTYtOGY4OC0zNDM2M2JjN2M0YzAiOnsiY3JlYXRlIjoxMjAwMDAwMDAwMDAwLCJkZWxldGUiOjEyMDAwMDAwMDAwMDAsInVwZGF0ZSI6MTIwMDAwMDAwMDAwMH0sInNjaGVtYV92ZXJzaW9uIjoiMSJ9",
          "dependencies": [
            "aws_ecs_cluster.backend_cluster",
            "aws_ecs_task_definition.backend_task",
            "aws_lb.backend_alb",
            "aws_lb_listener.backend_http",
            "aws_lb_target_group.backend_tg",
            "aws_security_group.backend_alb_sg",
            "data.aws_subnets.default",
            "data.aws_vpc.default"
          ]
        }
      ]
    },
    {
      "mode": "managed",
      "type": "aws_ecs_service",
      "name": "frontend_service",
      "provider": "provider[\"registry.terraform.io/hashicorp/aws\"]",
      "instances": [
        {
          "schema_version": 1,
          "attributes": {
            "alarms": [],
            "availability_zone_rebalancing": "DISABLED",
            "capacity_provider_strategy": [],
            "cluster": "arn:aws:ecs:us-east-1:307946674949:cluster/aruthra-frontend-cluster",
            "deployment_circuit_breaker": [
              {
                "enable": false,
                "rollback": false
              }
            ],
            "deployment_controller": [
              {
                "type": "ECS"
              }
            ],
            "deployment_maximum_percent": 200,
            "deployment_minimum_healthy_percent": 50,
            "desired_count": 1,
            "enable_ecs_managed_tags": false,
            "enable_execute_command": false,
            "force_delete": null,
            "force_new_deployment": null,
            "health_check_grace_period_seconds": 0,
            "iam_role": "/aws-service-role/ecs.amazonaws.com/AWSServiceRoleForECS",
            "id": "arn:aws:ecs:us-east-1:307946674949:service/aruthra-frontend-cluster/aruthra-frontend-service",
            "launch_type": "EC2",
            "load_balancer": [
              {
                "container_name": "frontend",
                "container_port": 80,
                "elb_name": "",
                "target_group_arn": "arn:aws:elasticloadbalancing:us-east-1:307946674949:targetgroup/aruthra-frontend-tg/db81a12d66f626ce"
              }
            ],
            "name": "aruthra-frontend-service",
            "network_configuration": [],
            "ordered_placement_strategy": [],
            "placement_constraints": [],
            "platform_version": "",
            "propagate_tags": "NONE",
            "scheduling_strategy": "REPLICA",
            "service_connect_configuration": [],
            "service_registries": [],
            "tags": null,
            "tags_all": {},
            "task_definition": "arn:aws:ecs:us-east-1:307946674949:task-definition/aruthra-frontend-task:4",
            "timeouts": null,
            "triggers": {},
            "volume_configuration": [],
            "vpc_lattice_configurations": [],
            "wait_for_steady_state": false
          },
          "sensitive_attributes": [],
          "private": "eyJlMmJmYjczMC1lY2FhLTExZTYtOGY4OC0zNDM2M2JjN2M0YzAiOnsiY3JlYXRlIjoxMjAwMDAwMDAwMDAwLCJkZWxldGUiOjEyMDAwMDAwMDAwMDAsInVwZGF0ZSI6MTIwMDAwMDAwMDAwMH0sInNjaGVtYV92ZXJzaW9uIjoiMSJ9",
          "dependencies": [
            "aws_ecs_cluster.frontend_cluster",
            "aws_ecs_task_definition.frontend_task",
            "aws_lb.backend_alb",
            "aws_lb.frontend_alb",
            "aws_lb_listener.frontend_http",
            "aws_lb_target_group.frontend_tg",
            "aws_security_group.backend_alb_sg",
            "aws_security_group.frontend_alb_sg",
            "data.aws_subnets.default",
            "data.aws_vpc.default"
          ]
        }
      ]
    },
    {
      "mode": "managed",
      "type": "aws_ecs_task_definition",
      "name": "backend_task",
      "provider": "provider[\"registry.terraform.io/hashicorp/aws\"]",
      "instances": [
        {
          "schema_version": 1,
          "attributes": {
            "arn": "arn:aws:ecs:us-east-1:307946674949:task-definition/aruthra-backend-task:6",
            "arn_without_revision": "arn:aws:ecs:us-east-1:307946674949:task-definition/aruthra-backend-task",
            "container_definitions": "[{\"environment\":[{\"name\":\"JWT_SECRET\",\"value\":\"86ba1631901f7ffb7f6734ebb0ed715fdd4aa14233f383d8297a8760b16a950dbee06ef283fcae256f099a41c21ff350de0447dd56f49902aa61417d523\"},{\"name\":\"MONGO_URI\",\"value\":\"mongodb+srv://sivadeep:sivadeep@cluster0.2q6ww.mongodb.net/Aaruthra?retryWrites=true\u0026w=majority\"}],\"essential\":true,\"image\":\"307946674949.dkr.ecr.us-east-1.amazonaws.com/full_stack:backend\",\"mountPoints\":[],\"name\":\"backend\",\"portMappings\":[{\"containerPort\":5000,\"hostPort\":5000,\"protocol\":\"tcp\"}],\"systemControls\":[],\"volumesFrom\":[]}]",
            "cpu": "256",
            "enable_fault_injection": false,
            "ephemeral_storage": [],
            "execution_role_arn": "",
            "family": "aruthra-backend-task",
            "id": "aruthra-backend-task",
            "inference_accelerator": [],
            "ipc_mode": "",
            "memory": "512",
            "network_mode": "bridge",
            "pid_mode": "",
            "placement_constraints": [],
            "proxy_configuration": [],
            "requires_compatibilities": [
              "EC2"
            ],
            "revision": 6,
            "runtime_platform": [],
            "skip_destroy": false,
            "tags": null,
            "tags_all": {},
            "task_role_arn": "",
            "track_latest": false,
            "volume": []
          },
          "sensitive_attributes": [],
          "private": "eyJzY2hlbWFfdmVyc2lvbiI6IjEifQ=="
        }
      ]
    },
    {
      "mode": "managed",
      "type": "aws_ecs_task_definition",
      "name": "frontend_task",
      "provider": "provider[\"registry.terraform.io/hashicorp/aws\"]",
      "instances": [
        {
          "schema_version": 1,
          "attributes": {
            "arn": "arn:aws:ecs:us-east-1:307946674949:task-definition/aruthra-frontend-task:4",
            "arn_without_revision": "arn:aws:ecs:us-east-1:307946674949:task-definition/aruthra-frontend-task",
            "container_definitions": "[{\"environment\":[{\"name\":\"REACT_APP_BACKEND_URL\",\"value\":\"http://aruthra-backend-alb-731849470.us-east-1.elb.amazonaws.com\"}],\"essential\":true,\"image\":\"307946674949.dkr.ecr.us-east-1.amazonaws.com/full_stack:frontend\",\"mountPoints\":[],\"name\":\"frontend\",\"portMappings\":[{\"containerPort\":80,\"hostPort\":80,\"protocol\":\"tcp\"}],\"systemControls\":[],\"volumesFrom\":[]}]",
            "cpu": "256",
            "enable_fault_injection": false,
            "ephemeral_storage": [],
            "execution_role_arn": "",
            "family": "aruthra-frontend-task",
            "id": "aruthra-frontend-task",
            "inference_accelerator": [],
            "ipc_mode": "",
            "memory": "512",
            "network_mode": "bridge",
            "pid_mode": "",
            "placement_constraints": [],
            "proxy_configuration": [],
            "requires_compatibilities": [
              "EC2"
            ],
            "revision": 4,
            "runtime_platform": [],
            "skip_destroy": false,
            "tags": null,
            "tags_all": {},
            "task_role_arn": "",
            "track_latest": false,
            "volume": []
          },
          "sensitive_attributes": [],
          "private": "eyJzY2hlbWFfdmVyc2lvbiI6IjEifQ==",
          "dependencies": [
            "aws_lb.backend_alb",
            "aws_security_group.backend_alb_sg",
            "data.aws_subnets.default",
            "data.aws_vpc.default"
          ]
        }
      ]
    },
    {
      "mode": "managed",
      "type": "aws_iam_instance_profile",
      "name": "ecs_instance_profile",
      "provider": "provider[\"registry.terraform.io/hashicorp/aws\"]",
      "instances": [
        {
          "schema_version": 0,
          "attributes": {
            "arn": "arn:aws:iam::307946674949:instance-profile/ecsInstanceProfile",
            "create_date": "2025-05-21T06:05:28Z",
            "id": "ecsInstanceProfile",
            "name": "ecsInstanceProfile",
            "name_prefix": "",
            "path": "/",
            "role": "ecsInstanceRolefull",
            "tags": null,
            "tags_all": {},
            "unique_id": "AIPAUPMYNLMCURWZMJP64"
          },
          "sensitive_attributes": [],
          "private": "bnVsbA==",
          "dependencies": [
            "aws_iam_role.ecs_instance_role"
          ]
        }
      ]
    },
    {
      "mode": "managed",
      "type": "aws_iam_role",
      "name": "ecs_instance_role",
      "provider": "provider[\"registry.terraform.io/hashicorp/aws\"]",
      "instances": [
        {
          "schema_version": 0,
          "attributes": {
            "arn": "arn:aws:iam::307946674949:role/ecsInstanceRolefull",
            "assume_role_policy": "{\"Statement\":[{\"Action\":\"sts:AssumeRole\",\"Effect\":\"Allow\",\"Principal\":{\"Service\":\"ec2.amazonaws.com\"}}],\"Version\":\"2012-10-17\"}",
            "create_date": "2025-05-21T06:05:27Z",
            "description": "",
            "force_detach_policies": false,
            "id": "ecsInstanceRolefull",
            "inline_policy": [],
            "managed_policy_arns": [],
            "max_session_duration": 3600,
            "name": "ecsInstanceRolefull",
            "name_prefix": "",
            "path": "/",
            "permissions_boundary": "",
            "tags": null,
            "tags_all": {},
            "unique_id": "AROAUPMYNLMC4URCAMXN7"
          },
          "sensitive_attributes": [],
          "private": "bnVsbA=="
        }
      ]
    },
    {
      "mode": "managed",
      "type": "aws_iam_role_policy_attachment",
      "name": "ecs_instance_role_policy",
      "provider": "provider[\"registry.terraform.io/hashicorp/aws\"]",
      "instances": [
        {
          "schema_version": 0,
          "attributes": {
            "id": "ecsInstanceRolefull-20250521060526660300000001",
            "policy_arn": "arn:aws:iam::aws:policy/service-role/AmazonEC2ContainerServiceforEC2Role",
            "role": "ecsInstanceRolefull"
          },
          "sensitive_attributes": [],
          "private": "bnVsbA==",
          "dependencies": [
            "aws_iam_role.ecs_instance_role"
          ]
        }
      ]
    },
    {
      "mode": "managed",
      "type": "aws_key_pair",
      "name": "ecs_key",
      "provider": "provider[\"registry.terraform.io/hashicorp/aws\"]",
      "instances": [
        {
          "schema_version": 1,
          "attributes": {
            "arn": "arn:aws:ec2:us-east-1:307946674949:key-pair/ecs-key",
            "fingerprint": "7f:e0:7b:bd:14:4b:42:a0:cb:e8:f1:3c:b8:ca:df:61",
            "id": "ecs-key",
            "key_name": "ecs-key",
            "key_name_prefix": "",
            "key_pair_id": "key-0c78c4dc619f124d6",
            "key_type": "rsa",
            "public_key": "ssh-rsa AAAAB3NzaC1yc2EAAAADAQABAAACAQDdbLW8CjpyXWNeBJ8hGGbuv/WUyoE89H9e8Mi9q6uTuMJ50QOskf/FKHkdwTMDePbuPxnW/8CI1r2hein8BsfxBszaYy+nZGzEX+E+SFTow9r1sLZLQzTrPLmQqGWP8anrIRuEb1kTyCuh6019cZXGmoKGS1h92fJXOYexSx85+p0/+aIXG38isszKwElJDSvEs27KJSjWnRjJIrdgcSLQkU+y3Ptjlw6JkHIt+VTlkoIghPZSTTkJps/bjgHAurFrQqrfGVuoXHNduE2vEESPb/kqjpC9YC0U1X3VNnD79A4Hh8q0KxxThpVx8nPo00sMfEEgG6uwNT2NmKIZtYNFmjtMJ091VkKulB/PmF6+VcnHy9R9RjXeqK23Zoiv4gFEWqSEUTD2zhLUuuAiKXejeH1wuP4S87cfYXkKHHvvyI1DLDhkxUMMryjhBaY22GvBoMtR2CHRfjf8xhOat7ghHoNni1G/W47Qz56E4axcbzm7kpV1L25OTU4cXlDDIwpZcptyEz4oVwA4l76I2U/WfYf6rp3wwYbuPUT7IqtjaqzBygoy8YtmtjiGX+tDgMDyzT1GB0fApqJqauZa/uM0H7/MlfeG+L2z6S46R0BSgjxAUPY86yRBM2R+61bFbIJ5diAvLBAj5YMlKtTCRo010JG6+ESPuxlP86wC+IdySQ==",
            "tags": null,
            "tags_all": {}
          },
          "sensitive_attributes": [],
          "private": "eyJzY2hlbWFfdmVyc2lvbiI6IjEifQ==",
          "dependencies": [
            "tls_private_key.ecs_key"
          ]
        }
      ]
    },
    {
      "mode": "managed",
      "type": "aws_launch_template",
      "name": "backend_lt",
      "provider": "provider[\"registry.terraform.io/hashicorp/aws\"]",
      "instances": [
        {
          "schema_version": 0,
          "attributes": {
            "arn": "arn:aws:ec2:us-east-1:307946674949:launch-template/lt-0a18c65abb8f8ca56",
            "block_device_mappings": [],
            "capacity_reservation_specification": [],
            "cpu_options": [],
            "credit_specification": [],
            "default_version": 1,
            "description": "",
            "disable_api_stop": false,
            "disable_api_termination": false,
            "ebs_optimized": "",
            "elastic_gpu_specifications": [],
            "elastic_inference_accelerator": [],
            "enclave_options": [],
            "hibernation_options": [],
            "iam_instance_profile": [
              {
                "arn": "",
                "name": "ecsInstanceProfile"
              }
            ],
            "id": "lt-0a18c65abb8f8ca56",
            "image_id": "ami-03afdcc08c89cd0b8",
            "instance_initiated_shutdown_behavior": "",
            "instance_market_options": [],
            "instance_requirements": [],
            "instance_type": "t3.micro",
            "kernel_id": "",
            "key_name": "ecs-key",
            "latest_version": 1,
            "license_specification": [],
            "maintenance_options": [],
            "metadata_options": [],
            "monitoring": [],
            "name": "backend-ecs-launch-template-20250521060537089500000002",
            "name_prefix": "backend-ecs-launch-template-",
            "network_interfaces": [],
            "placement": [],
            "private_dns_name_options": [],
            "ram_disk_id": "",
            "security_group_names": null,
            "tag_specifications": [
              {
                "resource_type": "instance",
                "tags": {
                  "Name": "backend-ecs-instance"
                }
              }
            ],
            "tags": null,
            "tags_all": {},
            "update_default_version": null,
            "user_data": "IyEvYmluL2Jhc2gKZWNobyBFQ1NfQ0xVU1RFUj1hcnV0aHJhLWJhY2tlbmQtY2x1c3RlciA+PiAvZXRjL2Vjcy9lY3MuY29uZmlnCg==",
            "vpc_security_group_ids": [
              "sg-081664859a8bb1b5c"
            ]
          },
          "sensitive_attributes": [],
          "private": "bnVsbA==",
          "dependencies": [
            "aws_ecs_cluster.backend_cluster",
            "aws_iam_instance_profile.ecs_instance_profile",
            "aws_iam_role.ecs_instance_role",
            "aws_key_pair.ecs_key",
            "aws_security_group.backend_alb_sg",
            "aws_security_group.backend_ecs_sg",
            "data.aws_ami.ecs_ami",
            "data.aws_vpc.default",
            "tls_private_key.ecs_key"
          ]
        }
      ]
    },
    {
      "mode": "managed",
      "type": "aws_launch_template",
      "name": "frontend_lt",
      "provider": "provider[\"registry.terraform.io/hashicorp/aws\"]",
      "instances": [
        {
          "schema_version": 0,
          "attributes": {
            "arn": "arn:aws:ec2:us-east-1:307946674949:launch-template/lt-0d076fa6d1b6176ea",
            "block_device_mappings": [],
            "capacity_reservation_specification": [],
            "cpu_options": [],
            "credit_specification": [],
            "default_version": 1,
            "description": "",
            "disable_api_stop": false,
            "disable_api_termination": false,
            "ebs_optimized": "",
            "elastic_gpu_specifications": [],
            "elastic_inference_accelerator": [],
            "enclave_options": [],
            "hibernation_options": [],
            "iam_instance_profile": [
              {
                "arn": "",
                "name": "ecsInstanceProfile"
              }
            ],
            "id": "lt-0d076fa6d1b6176ea",
            "image_id": "ami-03afdcc08c89cd0b8",
            "instance_initiated_shutdown_behavior": "",
            "instance_market_options": [],
            "instance_requirements": [],
            "instance_type": "t3.micro",
            "kernel_id": "",
            "key_name": "ecs-key",
            "latest_version": 1,
            "license_specification": [],
            "maintenance_options": [],
            "metadata_options": [],
            "monitoring": [],
            "name": "frontend-ecs-launch-template-20250521060537089600000004",
            "name_prefix": "frontend-ecs-launch-template-",
            "network_interfaces": [],
            "placement": [],
            "private_dns_name_options": [],
            "ram_disk_id": "",
            "security_group_names": null,
            "tag_specifications": [
              {
                "resource_type": "instance",
                "tags": {
                  "Name": "frontend-ecs-instance"
                }
              }
            ],
            "tags": null,
            "tags_all": {},
            "update_default_version": null,
            "user_data": "IyEvYmluL2Jhc2gKZWNobyBFQ1NfQ0xVU1RFUj1hcnV0aHJhLWZyb250ZW5kLWNsdXN0ZXIgPj4gL2V0Yy9lY3MvZWNzLmNvbmZpZwo=",
            "vpc_security_group_ids": [
              "sg-05dcce4f6fada67df"
            ]
          },
          "sensitive_attributes": [],
          "private": "bnVsbA==",
          "dependencies": [
            "aws_ecs_cluster.frontend_cluster",
            "aws_iam_instance_profile.ecs_instance_profile",
            "aws_iam_role.ecs_instance_role",
            "aws_key_pair.ecs_key",
            "aws_security_group.frontend_alb_sg",
            "aws_security_group.frontend_ecs_sg",
            "data.aws_ami.ecs_ami",
            "data.aws_vpc.default",
            "tls_private_key.ecs_key"
          ]
        }
      ]
    },
    {
      "mode": "managed",
      "type": "aws_lb",
      "name": "backend_alb",
      "provider": "provider[\"registry.terraform.io/hashicorp/aws\"]",
      "instances": [
        {
          "schema_version": 0,
          "attributes": {
            "access_logs": [
              {
                "bucket": "",
                "enabled": false,
                "prefix": ""
              }
            ],
            "arn": "arn:aws:elasticloadbalancing:us-east-1:307946674949:loadbalancer/app/aruthra-backend-alb/e4588cd5761f8276",
            "arn_suffix": "app/aruthra-backend-alb/e4588cd5761f8276",
            "client_keep_alive": 3600,
            "connection_logs": [
              {
                "bucket": "",
                "enabled": false,
                "prefix": ""
              }
            ],
            "customer_owned_ipv4_pool": "",
            "desync_mitigation_mode": "defensive",
            "dns_name": "aruthra-backend-alb-731849470.us-east-1.elb.amazonaws.com",
            "dns_record_client_routing_policy": null,
            "drop_invalid_header_fields": false,
            "enable_cross_zone_load_balancing": true,
            "enable_deletion_protection": false,
            "enable_http2": true,
            "enable_tls_version_and_cipher_suite_headers": false,
            "enable_waf_fail_open": false,
            "enable_xff_client_port": false,
            "enable_zonal_shift": false,
            "enforce_security_group_inbound_rules_on_private_link_traffic": "",
            "id": "arn:aws:elasticloadbalancing:us-east-1:307946674949:loadbalancer/app/aruthra-backend-alb/e4588cd5761f8276",
            "idle_timeout": 60,
            "internal": false,
            "ip_address_type": "ipv4",
            "ipam_pools": [],
            "load_balancer_type": "application",
            "name": "aruthra-backend-alb",
            "name_prefix": "",
            "preserve_host_header": false,
            "security_groups": [
              "sg-0179d7868d58074c8"
            ],
            "subnet_mapping": [
              {
                "allocation_id": "",
                "ipv6_address": "",
                "outpost_id": "",
                "private_ipv4_address": "",
                "subnet_id": "subnet-05c13913b5ca45845"
              },
              {
                "allocation_id": "",
                "ipv6_address": "",
                "outpost_id": "",
                "private_ipv4_address": "",
                "subnet_id": "subnet-0c6059d72b0f4f78d"
              },
              {
                "allocation_id": "",
                "ipv6_address": "",
                "outpost_id": "",
                "private_ipv4_address": "",
                "subnet_id": "subnet-0f4edde0adb3e75eb"
              }
            ],
            "subnets": [
              "subnet-05c13913b5ca45845",
              "subnet-0c6059d72b0f4f78d",
              "subnet-0f4edde0adb3e75eb"
            ],
            "tags": null,
            "tags_all": {},
            "timeouts": null,
            "vpc_id": "vpc-0ab7b2bd2753c10d9",
            "xff_header_processing_mode": "append",
            "zone_id": "Z35SXDOTRQ7X7K"
          },
          "sensitive_attributes": [],
          "private": "eyJlMmJmYjczMC1lY2FhLTExZTYtOGY4OC0zNDM2M2JjN2M0YzAiOnsiY3JlYXRlIjo2MDAwMDAwMDAwMDAsImRlbGV0ZSI6NjAwMDAwMDAwMDAwLCJ1cGRhdGUiOjYwMDAwMDAwMDAwMH19",
          "dependencies": [
            "aws_security_group.backend_alb_sg",
            "data.aws_subnets.default",
            "data.aws_vpc.default"
          ]
        }
      ]
    },
    {
      "mode": "managed",
      "type": "aws_lb",
      "name": "frontend_alb",
      "provider": "provider[\"registry.terraform.io/hashicorp/aws\"]",
      "instances": [
        {
          "schema_version": 0,
          "attributes": {
            "access_logs": [
              {
                "bucket": "",
                "enabled": false,
                "prefix": ""
              }
            ],
            "arn": "arn:aws:elasticloadbalancing:us-east-1:307946674949:loadbalancer/app/aruthra-frontend-alb/d3b33964e1ede31e",
            "arn_suffix": "app/aruthra-frontend-alb/d3b33964e1ede31e",
            "client_keep_alive": 3600,
            "connection_logs": [
              {
                "bucket": "",
                "enabled": false,
                "prefix": ""
              }
            ],
            "customer_owned_ipv4_pool": "",
            "desync_mitigation_mode": "defensive",
            "dns_name": "aruthra-frontend-alb-293942360.us-east-1.elb.amazonaws.com",
            "dns_record_client_routing_policy": null,
            "drop_invalid_header_fields": false,
            "enable_cross_zone_load_balancing": true,
            "enable_deletion_protection": false,
            "enable_http2": true,
            "enable_tls_version_and_cipher_suite_headers": false,
            "enable_waf_fail_open": false,
            "enable_xff_client_port": false,
            "enable_zonal_shift": false,
            "enforce_security_group_inbound_rules_on_private_link_traffic": "",
            "id": "arn:aws:elasticloadbalancing:us-east-1:307946674949:loadbalancer/app/aruthra-frontend-alb/d3b33964e1ede31e",
            "idle_timeout": 60,
            "internal": false,
            "ip_address_type": "ipv4",
            "ipam_pools": [],
            "load_balancer_type": "application",
            "name": "aruthra-frontend-alb",
            "name_prefix": "",
            "preserve_host_header": false,
            "security_groups": [
              "sg-04a537f887533fc87"
            ],
            "subnet_mapping": [
              {
                "allocation_id": "",
                "ipv6_address": "",
                "outpost_id": "",
                "private_ipv4_address": "",
                "subnet_id": "subnet-05c13913b5ca45845"
              },
              {
                "allocation_id": "",
                "ipv6_address": "",
                "outpost_id": "",
                "private_ipv4_address": "",
                "subnet_id": "subnet-0c6059d72b0f4f78d"
              },
              {
                "allocation_id": "",
                "ipv6_address": "",
                "outpost_id": "",
                "private_ipv4_address": "",
                "subnet_id": "subnet-0f4edde0adb3e75eb"
              }
            ],
            "subnets": [
              "subnet-05c13913b5ca45845",
              "subnet-0c6059d72b0f4f78d",
              "subnet-0f4edde0adb3e75eb"
            ],
            "tags": null,
            "tags_all": {},
            "timeouts": null,
            "vpc_id": "vpc-0ab7b2bd2753c10d9",
            "xff_header_processing_mode": "append",
            "zone_id": "Z35SXDOTRQ7X7K"
          },
          "sensitive_attributes": [],
          "private": "eyJlMmJmYjczMC1lY2FhLTExZTYtOGY4OC0zNDM2M2JjN2M0YzAiOnsiY3JlYXRlIjo2MDAwMDAwMDAwMDAsImRlbGV0ZSI6NjAwMDAwMDAwMDAwLCJ1cGRhdGUiOjYwMDAwMDAwMDAwMH19",
          "dependencies": [
            "aws_security_group.frontend_alb_sg",
            "data.aws_subnets.default",
            "data.aws_vpc.default"
          ]
        }
      ]
    },
    {
      "mode": "managed",
      "type": "aws_lb_listener",
      "name": "backend_http",
      "provider": "provider[\"registry.terraform.io/hashicorp/aws\"]",
      "instances": [
        {
          "schema_version": 0,
          "attributes": {
            "alpn_policy": null,
            "arn": "arn:aws:elasticloadbalancing:us-east-1:307946674949:listener/app/aruthra-backend-alb/e4588cd5761f8276/f11a8b6a60258c75",
            "certificate_arn": null,
            "default_action": [
              {
                "authenticate_cognito": [],
                "authenticate_oidc": [],
                "fixed_response": [],
                "forward": [],
                "order": 1,
                "redirect": [],
                "target_group_arn": "arn:aws:elasticloadbalancing:us-east-1:307946674949:targetgroup/aruthra-backend-tg/1d9ddcee80d909f5",
                "type": "forward"
              }
            ],
            "id": "arn:aws:elasticloadbalancing:us-east-1:307946674949:listener/app/aruthra-backend-alb/e4588cd5761f8276/f11a8b6a60258c75",
            "load_balancer_arn": "arn:aws:elasticloadbalancing:us-east-1:307946674949:loadbalancer/app/aruthra-backend-alb/e4588cd5761f8276",
            "mutual_authentication": [],
            "port": 80,
            "protocol": "HTTP",
            "routing_http_request_x_amzn_mtls_clientcert_header_name": null,
            "routing_http_request_x_amzn_mtls_clientcert_issuer_header_name": null,
            "routing_http_request_x_amzn_mtls_clientcert_leaf_header_name": null,
            "routing_http_request_x_amzn_mtls_clientcert_serial_number_header_name": null,
            "routing_http_request_x_amzn_mtls_clientcert_subject_header_name": null,
            "routing_http_request_x_amzn_mtls_clientcert_validity_header_name": null,
            "routing_http_request_x_amzn_tls_cipher_suite_header_name": null,
            "routing_http_request_x_amzn_tls_version_header_name": null,
            "routing_http_response_access_control_allow_credentials_header_value": "",
            "routing_http_response_access_control_allow_headers_header_value": "",
            "routing_http_response_access_control_allow_methods_header_value": "",
            "routing_http_response_access_control_allow_origin_header_value": "",
            "routing_http_response_access_control_expose_headers_header_value": "",
            "routing_http_response_access_control_max_age_header_value": "",
            "routing_http_response_content_security_policy_header_value": "",
            "routing_http_response_server_enabled": true,
            "routing_http_response_strict_transport_security_header_value": "",
            "routing_http_response_x_content_type_options_header_value": "",
            "routing_http_response_x_frame_options_header_value": "",
            "ssl_policy": "",
            "tags": null,
            "tags_all": {},
            "tcp_idle_timeout_seconds": null,
            "timeouts": null
          },
          "sensitive_attributes": [],
          "private": "eyJlMmJmYjczMC1lY2FhLTExZTYtOGY4OC0zNDM2M2JjN2M0YzAiOnsiY3JlYXRlIjozMDAwMDAwMDAwMDAsInVwZGF0ZSI6MzAwMDAwMDAwMDAwfX0=",
          "dependencies": [
            "aws_lb.backend_alb",
            "aws_lb_target_group.backend_tg",
            "aws_security_group.backend_alb_sg",
            "data.aws_subnets.default",
            "data.aws_vpc.default"
          ]
        }
      ]
    },
    {
      "mode": "managed",
      "type": "aws_lb_listener",
      "name": "frontend_http",
      "provider": "provider[\"registry.terraform.io/hashicorp/aws\"]",
      "instances": [
        {
          "schema_version": 0,
          "attributes": {
            "alpn_policy": null,
            "arn": "arn:aws:elasticloadbalancing:us-east-1:307946674949:listener/app/aruthra-frontend-alb/d3b33964e1ede31e/a5f35617c7a511cf",
            "certificate_arn": null,
            "default_action": [
              {
                "authenticate_cognito": [],
                "authenticate_oidc": [],
                "fixed_response": [],
                "forward": [],
                "order": 1,
                "redirect": [],
                "target_group_arn": "arn:aws:elasticloadbalancing:us-east-1:307946674949:targetgroup/aruthra-frontend-tg/db81a12d66f626ce",
                "type": "forward"
              }
            ],
            "id": "arn:aws:elasticloadbalancing:us-east-1:307946674949:listener/app/aruthra-frontend-alb/d3b33964e1ede31e/a5f35617c7a511cf",
            "load_balancer_arn": "arn:aws:elasticloadbalancing:us-east-1:307946674949:loadbalancer/app/aruthra-frontend-alb/d3b33964e1ede31e",
            "mutual_authentication": [],
            "port": 80,
            "protocol": "HTTP",
            "routing_http_request_x_amzn_mtls_clientcert_header_name": null,
            "routing_http_request_x_amzn_mtls_clientcert_issuer_header_name": null,
            "routing_http_request_x_amzn_mtls_clientcert_leaf_header_name": null,
            "routing_http_request_x_amzn_mtls_clientcert_serial_number_header_name": null,
            "routing_http_request_x_amzn_mtls_clientcert_subject_header_name": null,
            "routing_http_request_x_amzn_mtls_clientcert_validity_header_name": null,
            "routing_http_request_x_amzn_tls_cipher_suite_header_name": null,
            "routing_http_request_x_amzn_tls_version_header_name": null,
            "routing_http_response_access_control_allow_credentials_header_value": "",
            "routing_http_response_access_control_allow_headers_header_value": "",
            "routing_http_response_access_control_allow_methods_header_value": "",
            "routing_http_response_access_control_allow_origin_header_value": "",
            "routing_http_response_access_control_expose_headers_header_value": "",
            "routing_http_response_access_control_max_age_header_value": "",
            "routing_http_response_content_security_policy_header_value": "",
            "routing_http_response_server_enabled": true,
            "routing_http_response_strict_transport_security_header_value": "",
            "routing_http_response_x_content_type_options_header_value": "",
            "routing_http_response_x_frame_options_header_value": "",
            "ssl_policy": "",
            "tags": null,
            "tags_all": {},
            "tcp_idle_timeout_seconds": null,
            "timeouts": null
          },
          "sensitive_attributes": [],
          "private": "eyJlMmJmYjczMC1lY2FhLTExZTYtOGY4OC0zNDM2M2JjN2M0YzAiOnsiY3JlYXRlIjozMDAwMDAwMDAwMDAsInVwZGF0ZSI6MzAwMDAwMDAwMDAwfX0=",
          "dependencies": [
            "aws_lb.frontend_alb",
            "aws_lb_target_group.frontend_tg",
            "aws_security_group.frontend_alb_sg",
            "data.aws_subnets.default",
            "data.aws_vpc.default"
          ]
        }
      ]
    },
    {
      "mode": "managed",
      "type": "aws_lb_target_group",
      "name": "backend_tg",
      "provider": "provider[\"registry.terraform.io/hashicorp/aws\"]",
      "instances": [
        {
          "schema_version": 0,
          "attributes": {
            "arn": "arn:aws:elasticloadbalancing:us-east-1:307946674949:targetgroup/aruthra-backend-tg/1d9ddcee80d909f5",
            "arn_suffix": "targetgroup/aruthra-backend-tg/1d9ddcee80d909f5",
            "connection_termination": null,
            "deregistration_delay": "300",
            "health_check": [
              {
                "enabled": true,
                "healthy_threshold": 3,
                "interval": 30,
                "matcher": "200-399",
                "path": "/health",
                "port": "traffic-port",
                "protocol": "HTTP",
                "timeout": 5,
                "unhealthy_threshold": 3
              }
            ],
            "id": "arn:aws:elasticloadbalancing:us-east-1:307946674949:targetgroup/aruthra-backend-tg/1d9ddcee80d909f5",
            "ip_address_type": "ipv4",
            "lambda_multi_value_headers_enabled": false,
            "load_balancer_arns": [],
            "load_balancing_algorithm_type": "round_robin",
            "load_balancing_anomaly_mitigation": "off",
            "load_balancing_cross_zone_enabled": "use_load_balancer_configuration",
            "name": "aruthra-backend-tg",
            "name_prefix": "",
            "port": 5000,
            "preserve_client_ip": null,
            "protocol": "HTTP",
            "protocol_version": "HTTP1",
            "proxy_protocol_v2": false,
            "slow_start": 0,
            "stickiness": [
              {
                "cookie_duration": 86400,
                "cookie_name": "",
                "enabled": false,
                "type": "lb_cookie"
              }
            ],
            "tags": null,
            "tags_all": {},
            "target_failover": [
              {
                "on_deregistration": null,
                "on_unhealthy": null
              }
            ],
            "target_group_health": [
              {
                "dns_failover": [
                  {
                    "minimum_healthy_targets_count": "1",
                    "minimum_healthy_targets_percentage": "off"
                  }
                ],
                "unhealthy_state_routing": [
                  {
                    "minimum_healthy_targets_count": 1,
                    "minimum_healthy_targets_percentage": "off"
                  }
                ]
              }
            ],
            "target_health_state": [
              {
                "enable_unhealthy_connection_termination": null,
                "unhealthy_draining_interval": null
              }
            ],
            "target_type": "instance",
            "vpc_id": "vpc-0ab7b2bd2753c10d9"
          },
          "sensitive_attributes": [],
          "private": "bnVsbA==",
          "dependencies": [
            "data.aws_vpc.default"
          ]
        }
      ]
    },
    {
      "mode": "managed",
      "type": "aws_lb_target_group",
      "name": "frontend_tg",
      "provider": "provider[\"registry.terraform.io/hashicorp/aws\"]",
      "instances": [
        {
          "schema_version": 0,
          "attributes": {
            "arn": "arn:aws:elasticloadbalancing:us-east-1:307946674949:targetgroup/aruthra-frontend-tg/db81a12d66f626ce",
            "arn_suffix": "targetgroup/aruthra-frontend-tg/db81a12d66f626ce",
            "connection_termination": null,
            "deregistration_delay": "300",
            "health_check": [
              {
                "enabled": true,
                "healthy_threshold": 3,
                "interval": 30,
                "matcher": "200-399",
                "path": "/",
                "port": "traffic-port",
                "protocol": "HTTP",
                "timeout": 5,
                "unhealthy_threshold": 3
              }
            ],
            "id": "arn:aws:elasticloadbalancing:us-east-1:307946674949:targetgroup/aruthra-frontend-tg/db81a12d66f626ce",
            "ip_address_type": "ipv4",
            "lambda_multi_value_headers_enabled": false,
            "load_balancer_arns": [],
            "load_balancing_algorithm_type": "round_robin",
            "load_balancing_anomaly_mitigation": "off",
            "load_balancing_cross_zone_enabled": "use_load_balancer_configuration",
            "name": "aruthra-frontend-tg",
            "name_prefix": "",
            "port": 80,
            "preserve_client_ip": null,
            "protocol": "HTTP",
            "protocol_version": "HTTP1",
            "proxy_protocol_v2": false,
            "slow_start": 0,
            "stickiness": [
              {
                "cookie_duration": 86400,
                "cookie_name": "",
                "enabled": false,
                "type": "lb_cookie"
              }
            ],
            "tags": null,
            "tags_all": {},
            "target_failover": [
              {
                "on_deregistration": null,
                "on_unhealthy": null
              }
            ],
            "target_group_health": [
              {
                "dns_failover": [
                  {
                    "minimum_healthy_targets_count": "1",
                    "minimum_healthy_targets_percentage": "off"
                  }
                ],
                "unhealthy_state_routing": [
                  {
                    "minimum_healthy_targets_count": 1,
                    "minimum_healthy_targets_percentage": "off"
                  }
                ]
              }
            ],
            "target_health_state": [
              {
                "enable_unhealthy_connection_termination": null,
                "unhealthy_draining_interval": null
              }
            ],
            "target_type": "instance",
            "vpc_id": "vpc-0ab7b2bd2753c10d9"
          },
          "sensitive_attributes": [],
          "private": "bnVsbA==",
          "dependencies": [
            "data.aws_vpc.default"
          ]
        }
      ]
    },
    {
      "mode": "managed",
      "type": "aws_security_group",
      "name": "backend_alb_sg",
      "provider": "provider[\"registry.terraform.io/hashicorp/aws\"]",
      "instances": [
        {
          "schema_version": 1,
          "attributes": {
            "arn": "arn:aws:ec2:us-east-1:307946674949:security-group/sg-0179d7868d58074c8",
            "description": "Allow HTTP inbound to backend ALB",
            "egress": [
              {
                "cidr_blocks": [
                  "0.0.0.0/0"
                ],
                "description": "",
                "from_port": 0,
                "ipv6_cidr_blocks": [],
                "prefix_list_ids": [],
                "protocol": "-1",
                "security_groups": [],
                "self": false,
                "to_port": 0
              }
            ],
            "id": "sg-0179d7868d58074c8",
            "ingress": [
              {
                "cidr_blocks": [
                  "0.0.0.0/0"
                ],
                "description": "",
                "from_port": 80,
                "ipv6_cidr_blocks": [],
                "prefix_list_ids": [],
                "protocol": "tcp",
                "security_groups": [],
                "self": false,
                "to_port": 80
              }
            ],
            "name": "backend_alb_sg",
            "name_prefix": "",
            "owner_id": "307946674949",
            "revoke_rules_on_delete": false,
            "tags": null,
            "tags_all": {},
            "timeouts": null,
            "vpc_id": "vpc-0ab7b2bd2753c10d9"
          },
          "sensitive_attributes": [],
          "private": "eyJlMmJmYjczMC1lY2FhLTExZTYtOGY4OC0zNDM2M2JjN2M0YzAiOnsiY3JlYXRlIjo2MDAwMDAwMDAwMDAsImRlbGV0ZSI6OTAwMDAwMDAwMDAwfSwic2NoZW1hX3ZlcnNpb24iOiIxIn0=",
          "dependencies": [
            "data.aws_vpc.default"
          ]
        }
      ]
    },
    {
      "mode": "managed",
      "type": "aws_security_group",
      "name": "backend_ecs_sg",
      "provider": "provider[\"registry.terraform.io/hashicorp/aws\"]",
      "instances": [
        {
          "schema_version": 1,
          "attributes": {
            "arn": "arn:aws:ec2:us-east-1:307946674949:security-group/sg-081664859a8bb1b5c",
            "description": "Allow traffic from backend ALB",
            "egress": [
              {
                "cidr_blocks": [
                  "0.0.0.0/0"
                ],
                "description": "",
                "from_port": 0,
                "ipv6_cidr_blocks": [],
                "prefix_list_ids": [],
                "protocol": "-1",
                "security_groups": [],
                "self": false,
                "to_port": 0
              }
            ],
            "id": "sg-081664859a8bb1b5c",
            "ingress": [
              {
                "cidr_blocks": [],
                "description": "",
                "from_port": 5000,
                "ipv6_cidr_blocks": [],
                "prefix_list_ids": [],
                "protocol": "tcp",
                "security_groups": [
                  "sg-0179d7868d58074c8"
                ],
                "self": false,
                "to_port": 5000
              }
            ],
            "name": "backend_ecs_sg",
            "name_prefix": "",
            "owner_id": "307946674949",
            "revoke_rules_on_delete": false,
            "tags": null,
            "tags_all": {},
            "timeouts": null,
            "vpc_id": "vpc-0ab7b2bd2753c10d9"
          },
          "sensitive_attributes": [],
          "private": "eyJlMmJmYjczMC1lY2FhLTExZTYtOGY4OC0zNDM2M2JjN2M0YzAiOnsiY3JlYXRlIjo2MDAwMDAwMDAwMDAsImRlbGV0ZSI6OTAwMDAwMDAwMDAwfSwic2NoZW1hX3ZlcnNpb24iOiIxIn0=",
          "dependencies": [
            "aws_security_group.backend_alb_sg",
            "data.aws_vpc.default"
          ]
        }
      ]
    },
    {
      "mode": "managed",
      "type": "aws_security_group",
      "name": "frontend_alb_sg",
      "provider": "provider[\"registry.terraform.io/hashicorp/aws\"]",
      "instances": [
        {
          "schema_version": 1,
          "attributes": {
            "arn": "arn:aws:ec2:us-east-1:307946674949:security-group/sg-04a537f887533fc87",
            "description": "Allow HTTP inbound to frontend ALB",
            "egress": [
              {
                "cidr_blocks": [
                  "0.0.0.0/0"
                ],
                "description": "",
                "from_port": 0,
                "ipv6_cidr_blocks": [],
                "prefix_list_ids": [],
                "protocol": "-1",
                "security_groups": [],
                "self": false,
                "to_port": 0
              }
            ],
            "id": "sg-04a537f887533fc87",
            "ingress": [
              {
                "cidr_blocks": [
                  "0.0.0.0/0"
                ],
                "description": "",
                "from_port": 80,
                "ipv6_cidr_blocks": [],
                "prefix_list_ids": [],
                "protocol": "tcp",
                "security_groups": [],
                "self": false,
                "to_port": 80
              }
            ],
            "name": "frontend_alb_sg",
            "name_prefix": "",
            "owner_id": "307946674949",
            "revoke_rules_on_delete": false,
            "tags": null,
            "tags_all": {},
            "timeouts": null,
            "vpc_id": "vpc-0ab7b2bd2753c10d9"
          },
          "sensitive_attributes": [],
          "private": "eyJlMmJmYjczMC1lY2FhLTExZTYtOGY4OC0zNDM2M2JjN2M0YzAiOnsiY3JlYXRlIjo2MDAwMDAwMDAwMDAsImRlbGV0ZSI6OTAwMDAwMDAwMDAwfSwic2NoZW1hX3ZlcnNpb24iOiIxIn0=",
          "dependencies": [
            "data.aws_vpc.default"
          ]
        }
      ]
    },
    {
      "mode": "managed",
      "type": "aws_security_group",
      "name": "frontend_ecs_sg",
      "provider": "provider[\"registry.terraform.io/hashicorp/aws\"]",
      "instances": [
        {
          "schema_version": 1,
          "attributes": {
            "arn": "arn:aws:ec2:us-east-1:307946674949:security-group/sg-05dcce4f6fada67df",
            "description": "Allow traffic from frontend ALB",
            "egress": [
              {
                "cidr_blocks": [
                  "0.0.0.0/0"
                ],
                "description": "",
                "from_port": 0,
                "ipv6_cidr_blocks": [],
                "prefix_list_ids": [],
                "protocol": "-1",
                "security_groups": [],
                "self": false,
                "to_port": 0
              }
            ],
            "id": "sg-05dcce4f6fada67df",
            "ingress": [
              {
                "cidr_blocks": [],
                "description": "",
                "from_port": 80,
                "ipv6_cidr_blocks": [],
                "prefix_list_ids": [],
                "protocol": "tcp",
                "security_groups": [
                  "sg-04a537f887533fc87"
                ],
                "self": false,
                "to_port": 80
              }
            ],
            "name": "frontend_ecs_sg",
            "name_prefix": "",
            "owner_id": "307946674949",
            "revoke_rules_on_delete": false,
            "tags": null,
            "tags_all": {},
            "timeouts": null,
            "vpc_id": "vpc-0ab7b2bd2753c10d9"
          },
          "sensitive_attributes": [],
          "private": "eyJlMmJmYjczMC1lY2FhLTExZTYtOGY4OC0zNDM2M2JjN2M0YzAiOnsiY3JlYXRlIjo2MDAwMDAwMDAwMDAsImRlbGV0ZSI6OTAwMDAwMDAwMDAwfSwic2NoZW1hX3ZlcnNpb24iOiIxIn0=",
          "dependencies": [
            "aws_security_group.frontend_alb_sg",
            "data.aws_vpc.default"
          ]
        }
      ]
    },
    {
      "mode": "managed",
      "type": "tls_private_key",
      "name": "ecs_key",
      "provider": "provider[\"registry.terraform.io/hashicorp/tls\"]",
      "instances": [
        {
          "schema_version": 1,
          "attributes": {
            "algorithm": "RSA",
            "ecdsa_curve": "P224",
            "id": "120b597b4ecbe757f3f5adc91c1f3992c7eede6d",
            "private_key_openssh": "-----BEGIN OPENSSH PRIVATE KEY-----\nb3BlbnNzaC1rZXktdjEAAAAABG5vbmUAAAAEbm9uZQAAAAAAAAABAAACFwAAAAdz\nc2gtcnNhAAAAAwEAAQAAAgEA3Wy1vAo6cl1jXgSfIRhm7r/1lMqBPPR/XvDIvaur\nk7jCedEDrJH/xSh5HcEzA3j27j8Z1v/AiNa9oXop/AbH8QbM2mMvp2RsxF/hPkhU\n6MPa9bC2S0M06zy5kKhlj/Gp6yEbhG9ZE8groetNfXGVxpqChktYfdnyVzmHsUsf\nOfqdP/miFxt/IrLMysBJSQ0rxLNuyiUo1p0YySK3YHEi0JFPstz7Y5cOiZByLflU\n5ZKCIIT2Uk05CabP244BwLqxa0Kq3xlbqFxzXbhNrxBEj2/5Ko6QvWAtFNV91TZw\n+/QOB4fKtCscU4aVcfJz6NNLDHxBIBursDU9jZiiGbWDRZo7TCdPdVZCrpQfz5he\nvlXJx8vUfUY13qitt2aIr+IBRFqkhFEw9s4S1LrgIil3o3h9cLj+EvO3H2F5Chx7\n78iNQyw4ZMVDDK8o4QWmNthrwaDLUdgh0X43/MYTmre4IR6DZ4tRv1uO0M+ehOGs\nXG85u5KVdS9uTk1OHF5QwyMKWXKbchM+KFcAOJe+iNlP1n2H+q6d8MGG7j1E+yKr\nY2qswcoKMvGLZrY4hl/rQ4DA8s09RgdHwKaiamrmWv7jNB+/zJX3hvi9s+kuOkdA\nUoI8QFD2POskQTNkfutWxWyCeXYgLywQI+WDJSrUwkaNNdCRuvhEj7sZT/OsAviH\nckkAAAc4F3V1tBd1dbQAAAAHc3NoLXJzYQAAAgEA3Wy1vAo6cl1jXgSfIRhm7r/1\nlMqBPPR/XvDIvaurk7jCedEDrJH/xSh5HcEzA3j27j8Z1v/AiNa9oXop/AbH8QbM\n2mMvp2RsxF/hPkhU6MPa9bC2S0M06zy5kKhlj/Gp6yEbhG9ZE8groetNfXGVxpqC\nhktYfdnyVzmHsUsfOfqdP/miFxt/IrLMysBJSQ0rxLNuyiUo1p0YySK3YHEi0JFP\nstz7Y5cOiZByLflU5ZKCIIT2Uk05CabP244BwLqxa0Kq3xlbqFxzXbhNrxBEj2/5\nKo6QvWAtFNV91TZw+/QOB4fKtCscU4aVcfJz6NNLDHxBIBursDU9jZiiGbWDRZo7\nTCdPdVZCrpQfz5hevlXJx8vUfUY13qitt2aIr+IBRFqkhFEw9s4S1LrgIil3o3h9\ncLj+EvO3H2F5Chx778iNQyw4ZMVDDK8o4QWmNthrwaDLUdgh0X43/MYTmre4IR6D\nZ4tRv1uO0M+ehOGsXG85u5KVdS9uTk1OHF5QwyMKWXKbchM+KFcAOJe+iNlP1n2H\n+q6d8MGG7j1E+yKrY2qswcoKMvGLZrY4hl/rQ4DA8s09RgdHwKaiamrmWv7jNB+/\nzJX3hvi9s+kuOkdAUoI8QFD2POskQTNkfutWxWyCeXYgLywQI+WDJSrUwkaNNdCR\nuvhEj7sZT/OsAviHckkAAAADAQABAAAB/yjZNFpv17YeFhNpuEj+044MVHPX1UBM\nX/KHxiUrD8cLTrgwoPOGTuu25Tsnn04dq1dOuQdSsJxogEAPqTJJ+SZSQmGS/XxF\n4O5RDMowJc0q4iVBW3baQmoEEKP2nvfgmSs+EaWjtTEvgAjd/AWfBaC27Ojj5p0j\nQqKSLnhWz7jzIzscopqiySKyZyHtl9HHK92Ypryf8IsZoBUKsC++9ioiK9y8h/tk\n80/b1PH/yr5+w4sndQ1eSJOzRz9dL6RtE2kPvgW5gmmKzk9aj5AeGMIfA0CWFtjx\n5Tm6hIzsCalWcZu1rcZv7yNYSKoL4I5y+fUChteRQSvUfPbpDjbCseLumi9oLsPE\n/62hPJI2STzJJC5ZWD3LvBHsVe8uzH4jKSO4N8vj/VpWhCzpklO8rjiVqVCGK+Mr\nntxqZHsBBHAbXRG8jmUwwqtgAlrCo8lfz1qK5N3WL8B3qR680EzJhfnk5J3OhRIf\nwhQC3UvjEVSzaDTjcLXswhDmuRxxoEjmUtoZAvwRsikQVzrllaiUJnUOmUAjjmPI\n4yRhP0cJWrqJQAnaLcQkmE1sOZwg2PmQWTilvxIZtghoIMIP7w3zOwAzVqbEaZmQ\nEpYH/ut3YmirOV3uRuYWLYUc8RWoGnNzAiSDCieEaeX+P/jq+2WFIaQMNmpnu4UO\n08i0UZo/JL0AAAEAUZH0sxsjQpkaycVuW1MXROqAw7VlWF+UrvyZSpG4peXRaJX6\nSra9pLnR6OFvZLt6WmilcJUgYGVJ6uXHigbRxcVYJuOx7Ty3RZmYYQswAf9hTqt8\n3ENbdqB0L2duxhu20ybCNRaq4lEJsIAPJ6A5LzP8a6/EPgcqdmtMjdLNPedL9qHS\nD2EjAUIeJ4khWKqRAtS8GLPnp5UmtLMbtSwgY/PkY4k81Bq/heKrv2jGFWWb19vt\nw3P1NTmGRPZ8qBvIZAXbDtJ6ZYyrX/DwMZVy46SQjnbBzL+gKMNh4Ln2I8PKVwwH\nDjo1c2sHGYCIttZBZlwaZZ9qPIERz+QEMxHoMAAAAQEA4Z7CJm1n3syiolwVsn0K\nR9qt4sLdEEOBZdBelhl/7Hj2jaDi+vl+DWOgm465FwlkVbVkYOsUfGyuNAqbnbXK\naAYKaTbuS3YEAl2tAw06P8eCfL06EdIQReJt3K0cbD4c+4Xbmm3go0iF09Yx0edK\np98Ep/AsfsZjc3/sA0kklex58RvrswK6oaAef6bxxc32YE9+pUhwvV3xiEq4lbh8\nPOlK+umAuoywwWwDNht1RAFB1lGvaqvatDGjwDmtCTyVCYEg9qTR3LGT3iXZyu29\nEKF9s4YlJw+6EFuh4Kc53x1ZG3FxhQ2kDjnkPk+zyPo5Yo5Xb/JaCxQ5rQMMUi9Y\nfwAAAQEA+z1Ulch8sV9kPvOCidhZDuvuntOMdHqmPoGSxo4ew/td9k8DJ95/ZOQ2\neEysw7mczPRP0pjwOsMnmxGF/pwLRouv9MNQtw0IeDKwp34Xn3SgvS0ajn8GQf9N\neDE69e0K3TAxBb7mBto9bThbPWQgH0iTNHs2GMN3Yl/Q1VZBlCzWNwLCIxOJDkeM\nceWaEa34azqyCMA8PX27n1g4/fSSiqUR/ulMNnKfj6ojNBzDxCPsnMwQXnbGPUfH\nh9rvz8r7A+x9ZKwpdHar+VX8A5kFtW8dIbndHydGRr19phHl2i+txhsFo9ezzBT0\nK7LQoLNBIf6sd9+YTjMG7Cg0DwURNwAAAAABAgME\n-----END OPENSSH PRIVATE KEY-----\n",
            "private_key_pem": "-----BEGIN RSA PRIVATE KEY-----\nMIIJJwIBAAKCAgEA3Wy1vAo6cl1jXgSfIRhm7r/1lMqBPPR/XvDIvaurk7jCedED\nrJH/xSh5HcEzA3j27j8Z1v/AiNa9oXop/AbH8QbM2mMvp2RsxF/hPkhU6MPa9bC2\nS0M06zy5kKhlj/Gp6yEbhG9ZE8groetNfXGVxpqChktYfdnyVzmHsUsfOfqdP/mi\nFxt/IrLMysBJSQ0rxLNuyiUo1p0YySK3YHEi0JFPstz7Y5cOiZByLflU5ZKCIIT2\nUk05CabP244BwLqxa0Kq3xlbqFxzXbhNrxBEj2/5Ko6QvWAtFNV91TZw+/QOB4fK\ntCscU4aVcfJz6NNLDHxBIBursDU9jZiiGbWDRZo7TCdPdVZCrpQfz5hevlXJx8vU\nfUY13qitt2aIr+IBRFqkhFEw9s4S1LrgIil3o3h9cLj+EvO3H2F5Chx778iNQyw4\nZMVDDK8o4QWmNthrwaDLUdgh0X43/MYTmre4IR6DZ4tRv1uO0M+ehOGsXG85u5KV\ndS9uTk1OHF5QwyMKWXKbchM+KFcAOJe+iNlP1n2H+q6d8MGG7j1E+yKrY2qswcoK\nMvGLZrY4hl/rQ4DA8s09RgdHwKaiamrmWv7jNB+/zJX3hvi9s+kuOkdAUoI8QFD2\nPOskQTNkfutWxWyCeXYgLywQI+WDJSrUwkaNNdCRuvhEj7sZT/OsAviHckkCAwEA\nAQKCAf8o2TRab9e2HhYTabhI/tOODFRz19VATF/yh8YlKw/HC064MKDzhk7rtuU7\nJ59OHatXTrkHUrCcaIBAD6kySfkmUkJhkv18ReDuUQzKMCXNKuIlQVt22kJqBBCj\n9p734JkrPhGlo7UxL4AI3fwFnwWgtuzo4+adI0Kiki54Vs+48yM7HKKaoskismch\n7ZfRxyvdmKa8n/CLGaAVCrAvvvYqIivcvIf7ZPNP29Tx/8q+fsOLJ3UNXkiTs0c/\nXS+kbRNpD74FuYJpis5PWo+QHhjCHwNAlhbY8eU5uoSM7AmpVnGbta3Gb+8jWEiq\nC+COcvn1AobXkUEr1Hz26Q42wrHi7povaC7DxP+toTySNkk8ySQuWVg9y7wR7FXv\nLsx+IykjuDfL4/1aVoQs6ZJTvK44lalQhivjK57camR7AQRwG10RvI5lMMKrYAJa\nwqPJX89aiuTd1i/Ad6kevNBMyYX55OSdzoUSH8IUAt1L4xFUs2g043C17MIQ5rkc\ncaBI5lLaGQL8EbIpEFc65ZWolCZ1DplAI45jyOMkYT9HCVq6iUAJ2i3EJJhNbDmc\nINj5kFk4pb8SGbYIaCDCD+8N8zsAM1amxGmZkBKWB/7rd2Joqzld7kbmFi2FHPEV\nqBpzcwIkgwonhGnl/j/46vtlhSGkDDZqZ7uFDtPItFGaPyS9AoIBAQDhnsImbWfe\nzKKiXBWyfQpH2q3iwt0QQ4Fl0F6WGX/sePaNoOL6+X4NY6CbjrkXCWRVtWRg6xR8\nbK40CpudtcpoBgppNu5LdgQCXa0DDTo/x4J8vToR0hBF4m3crRxsPhz7hduabeCj\nSIXT1jHR50qn3wSn8Cx+xmNzf+wDSSSV7HnxG+uzArqhoB5/pvHFzfZgT36lSHC9\nXfGISriVuHw86Ur66YC6jLDBbAM2G3VEAUHWUa9qq9q0MaPAOa0JPJUJgSD2pNHc\nsZPeJdnK7b0QoX2zhiUnD7oQW6HgpznfHVkbcXGFDaQOOeQ+T7PI+jlijldv8loL\nFDmtAwxSL1h/AoIBAQD7PVSVyHyxX2Q+84KJ2FkO6+6e04x0eqY+gZLGjh7D+132\nTwMn3n9k5DZ4TKzDuZzM9E/SmPA6wyebEYX+nAtGi6/0w1C3DQh4MrCnfhefdKC9\nLRqOfwZB/014MTr17QrdMDEFvuYG2j1tOFs9ZCAfSJM0ezYYw3diX9DVVkGULNY3\nAsIjE4kOR4xx5ZoRrfhrOrIIwDw9fbufWDj99JKKpRH+6Uw2cp+PqiM0HMPEI+yc\nzBBedsY9R8eH2u/PyvsD7H1krCl0dqv5VfwDmQW1bx0hud0fJ0ZGvX2mEeXaL63G\nGwWj17PMFPQrstCgs0Eh/qx335hOMwbsKDQPBRE3AoIBAD9ZFQg3Fb//0vYlRs5L\nv3Q3WTVfIzSqz40nuTcJx9o8iHVxo+l13ceinniu1Rc7wtkxyhJQTvs0hKEGDXV1\nknQspgWur6+uXifP54EA2McJnICrnL9eLMWCcvhP/rgBpJ+WkPdGPJl8Bl9ZN7nI\n6DREMQl6LPQXfdrzIvA1PDmAISjqfv5PGNnCnG2ZES9JyhB2oYeE1GrHEscCu9sF\n5pQvqKbUoxk94W8dhbVOdll2xOaJHuijgg+wFFsnlocOZIY7pGa8FlSR44OvOvx4\nTep6fVHHq2zRRJvNLqFmMqCLm/ZRnt8N2m9IH+bC+CbI4w3iC3jaIiAUOLF0NqRo\nuL8CggEBAOQlcH9H/XuwzT6hMMRuc4kqVJlkL+LCUd7nGVs3SdbcmBoI7CuzT+pV\nluUtc6GVFz/DCA2NFnG2MGwPwKdSGqcoSFOzXcOskSldlq+ywE7rwN+parlFvnAG\nH9pqkkkqxbfQgGPgU9CbNDbPe4NHPihKZmq9DIX2Up5BtklUt96PzMNNvO/PWKFf\n9bikMIGngrQVLADoWIvadpufqLls8/n1Jl9eiffTpPP4I1m6WUfu+3nzkVXG9ARH\n/3huJ2GByOpqQgA+mrKI5WhZXa4Csn1s9n5e4t7ccmPgxY4eKKU2sM36UefUBBDq\nYkSgb/XOcfIl64Y7xHoWuk2PwJ53EocCggEAUZH0sxsjQpkaycVuW1MXROqAw7Vl\nWF+UrvyZSpG4peXRaJX6Sra9pLnR6OFvZLt6WmilcJUgYGVJ6uXHigbRxcVYJuOx\n7Ty3RZmYYQswAf9hTqt83ENbdqB0L2duxhu20ybCNRaq4lEJsIAPJ6A5LzP8a6/E\nPgcqdmtMjdLNPedL9qHSD2EjAUIeJ4khWKqRAtS8GLPnp5UmtLMbtSwgY/PkY4k8\n1Bq/heKrv2jGFWWb19vtw3P1NTmGRPZ8qBvIZAXbDtJ6ZYyrX/DwMZVy46SQjnbB\nzL+gKMNh4Ln2I8PKVwwHDjo1c2sHGYCIttZBZlwaZZ9qPIERz+QEMxHoMA==\n-----END RSA PRIVATE KEY-----\n",
            "private_key_pem_pkcs8": "-----BEGIN PRIVATE KEY-----\nMIIJQQIBADANBgkqhkiG9w0BAQEFAASCCSswggknAgEAAoICAQDdbLW8CjpyXWNe\nBJ8hGGbuv/WUyoE89H9e8Mi9q6uTuMJ50QOskf/FKHkdwTMDePbuPxnW/8CI1r2h\nein8BsfxBszaYy+nZGzEX+E+SFTow9r1sLZLQzTrPLmQqGWP8anrIRuEb1kTyCuh\n6019cZXGmoKGS1h92fJXOYexSx85+p0/+aIXG38isszKwElJDSvEs27KJSjWnRjJ\nIrdgcSLQkU+y3Ptjlw6JkHIt+VTlkoIghPZSTTkJps/bjgHAurFrQqrfGVuoXHNd\nuE2vEESPb/kqjpC9YC0U1X3VNnD79A4Hh8q0KxxThpVx8nPo00sMfEEgG6uwNT2N\nmKIZtYNFmjtMJ091VkKulB/PmF6+VcnHy9R9RjXeqK23Zoiv4gFEWqSEUTD2zhLU\nuuAiKXejeH1wuP4S87cfYXkKHHvvyI1DLDhkxUMMryjhBaY22GvBoMtR2CHRfjf8\nxhOat7ghHoNni1G/W47Qz56E4axcbzm7kpV1L25OTU4cXlDDIwpZcptyEz4oVwA4\nl76I2U/WfYf6rp3wwYbuPUT7IqtjaqzBygoy8YtmtjiGX+tDgMDyzT1GB0fApqJq\nauZa/uM0H7/MlfeG+L2z6S46R0BSgjxAUPY86yRBM2R+61bFbIJ5diAvLBAj5YMl\nKtTCRo010JG6+ESPuxlP86wC+IdySQIDAQABAoIB/yjZNFpv17YeFhNpuEj+044M\nVHPX1UBMX/KHxiUrD8cLTrgwoPOGTuu25Tsnn04dq1dOuQdSsJxogEAPqTJJ+SZS\nQmGS/XxF4O5RDMowJc0q4iVBW3baQmoEEKP2nvfgmSs+EaWjtTEvgAjd/AWfBaC2\n7Ojj5p0jQqKSLnhWz7jzIzscopqiySKyZyHtl9HHK92Ypryf8IsZoBUKsC++9ioi\nK9y8h/tk80/b1PH/yr5+w4sndQ1eSJOzRz9dL6RtE2kPvgW5gmmKzk9aj5AeGMIf\nA0CWFtjx5Tm6hIzsCalWcZu1rcZv7yNYSKoL4I5y+fUChteRQSvUfPbpDjbCseLu\nmi9oLsPE/62hPJI2STzJJC5ZWD3LvBHsVe8uzH4jKSO4N8vj/VpWhCzpklO8rjiV\nqVCGK+MrntxqZHsBBHAbXRG8jmUwwqtgAlrCo8lfz1qK5N3WL8B3qR680EzJhfnk\n5J3OhRIfwhQC3UvjEVSzaDTjcLXswhDmuRxxoEjmUtoZAvwRsikQVzrllaiUJnUO\nmUAjjmPI4yRhP0cJWrqJQAnaLcQkmE1sOZwg2PmQWTilvxIZtghoIMIP7w3zOwAz\nVqbEaZmQEpYH/ut3YmirOV3uRuYWLYUc8RWoGnNzAiSDCieEaeX+P/jq+2WFIaQM\nNmpnu4UO08i0UZo/JL0CggEBAOGewiZtZ97MoqJcFbJ9CkfareLC3RBDgWXQXpYZ\nf+x49o2g4vr5fg1joJuOuRcJZFW1ZGDrFHxsrjQKm521ymgGCmk27kt2BAJdrQMN\nOj/Hgny9OhHSEEXibdytHGw+HPuF25pt4KNIhdPWMdHnSqffBKfwLH7GY3N/7ANJ\nJJXsefEb67MCuqGgHn+m8cXN9mBPfqVIcL1d8YhKuJW4fDzpSvrpgLqMsMFsAzYb\ndUQBQdZRr2qr2rQxo8A5rQk8lQmBIPak0dyxk94l2crtvRChfbOGJScPuhBboeCn\nOd8dWRtxcYUNpA455D5Ps8j6OWKOV2/yWgsUOa0DDFIvWH8CggEBAPs9VJXIfLFf\nZD7zgonYWQ7r7p7TjHR6pj6BksaOHsP7XfZPAyfef2TkNnhMrMO5nMz0T9KY8DrD\nJ5sRhf6cC0aLr/TDULcNCHgysKd+F590oL0tGo5/BkH/TXgxOvXtCt0wMQW+5gba\nPW04Wz1kIB9IkzR7NhjDd2Jf0NVWQZQs1jcCwiMTiQ5HjHHlmhGt+Gs6sgjAPD19\nu59YOP30koqlEf7pTDZyn4+qIzQcw8Qj7JzMEF52xj1Hx4fa78/K+wPsfWSsKXR2\nq/lV/AOZBbVvHSG53R8nRka9faYR5dovrcYbBaPXs8wU9Cuy0KCzQSH+rHffmE4z\nBuwoNA8FETcCggEAP1kVCDcVv//S9iVGzku/dDdZNV8jNKrPjSe5NwnH2jyIdXGj\n6XXdx6KeeK7VFzvC2THKElBO+zSEoQYNdXWSdCymBa6vr65eJ8/ngQDYxwmcgKuc\nv14sxYJy+E/+uAGkn5aQ90Y8mXwGX1k3ucjoNEQxCXos9Bd92vMi8DU8OYAhKOp+\n/k8Y2cKcbZkRL0nKEHahh4TUascSxwK72wXmlC+optSjGT3hbx2FtU52WXbE5oke\n6KOCD7AUWyeWhw5khjukZrwWVJHjg686/HhN6np9UcerbNFEm80uoWYyoIub9lGe\n3w3ab0gf5sL4JsjjDeILeNoiIBQ4sXQ2pGi4vwKCAQEA5CVwf0f9e7DNPqEwxG5z\niSpUmWQv4sJR3ucZWzdJ1tyYGgjsK7NP6lWW5S1zoZUXP8MIDY0WcbYwbA/Ap1Ia\npyhIU7Ndw6yRKV2Wr7LATuvA36lquUW+cAYf2mqSSSrFt9CAY+BT0Js0Ns97g0c+\nKEpmar0MhfZSnkG2SVS33o/Mw028789YoV/1uKQwgaeCtBUsAOhYi9p2m5+ouWzz\n+fUmX16J99Ok8/gjWbpZR+77efORVcb0BEf/eG4nYYHI6mpCAD6asojlaFldrgKy\nfWz2fl7i3txyY+DFjh4opTawzfpR59QEEOpiRKBv9c5x8iXrhjvEeha6TY/AnncS\nhwKCAQBRkfSzGyNCmRrJxW5bUxdE6oDDtWVYX5Su/JlKkbil5dFolfpKtr2kudHo\n4W9ku3paaKVwlSBgZUnq5ceKBtHFxVgm47HtPLdFmZhhCzAB/2FOq3zcQ1t2oHQv\nZ27GG7bTJsI1FqriUQmwgA8noDkvM/xrr8Q+Byp2a0yN0s0950v2odIPYSMBQh4n\niSFYqpEC1LwYs+enlSa0sxu1LCBj8+RjiTzUGr+F4qu/aMYVZZvX2+3Dc/U1OYZE\n9nyoG8hkBdsO0npljKtf8PAxlXLjpJCOdsHMv6Aow2HgufYjw8pXDAcOOjVzawcZ\ngIi21kFmXBpln2o8gRHP5AQzEegw\n-----END PRIVATE KEY-----\n",
            "public_key_fingerprint_md5": "5c:bd:90:5e:98:9e:c3:89:3c:1e:f9:2f:5d:92:c2:b9",
            "public_key_fingerprint_sha256": "SHA256:ZbvEuiQANaDALWFfEpUCDpcH+hOAZ4BmtpVIOVATfSY",
            "public_key_openssh": "ssh-rsa AAAAB3NzaC1yc2EAAAADAQABAAACAQDdbLW8CjpyXWNeBJ8hGGbuv/WUyoE89H9e8Mi9q6uTuMJ50QOskf/FKHkdwTMDePbuPxnW/8CI1r2hein8BsfxBszaYy+nZGzEX+E+SFTow9r1sLZLQzTrPLmQqGWP8anrIRuEb1kTyCuh6019cZXGmoKGS1h92fJXOYexSx85+p0/+aIXG38isszKwElJDSvEs27KJSjWnRjJIrdgcSLQkU+y3Ptjlw6JkHIt+VTlkoIghPZSTTkJps/bjgHAurFrQqrfGVuoXHNduE2vEESPb/kqjpC9YC0U1X3VNnD79A4Hh8q0KxxThpVx8nPo00sMfEEgG6uwNT2NmKIZtYNFmjtMJ091VkKulB/PmF6+VcnHy9R9RjXeqK23Zoiv4gFEWqSEUTD2zhLUuuAiKXejeH1wuP4S87cfYXkKHHvvyI1DLDhkxUMMryjhBaY22GvBoMtR2CHRfjf8xhOat7ghHoNni1G/W47Qz56E4axcbzm7kpV1L25OTU4cXlDDIwpZcptyEz4oVwA4l76I2U/WfYf6rp3wwYbuPUT7IqtjaqzBygoy8YtmtjiGX+tDgMDyzT1GB0fApqJqauZa/uM0H7/MlfeG+L2z6S46R0BSgjxAUPY86yRBM2R+61bFbIJ5diAvLBAj5YMlKtTCRo010JG6+ESPuxlP86wC+IdySQ==\n",
            "public_key_pem": "-----BEGIN PUBLIC KEY-----\nMIICIjANBgkqhkiG9w0BAQEFAAOCAg8AMIICCgKCAgEA3Wy1vAo6cl1jXgSfIRhm\n7r/1lMqBPPR/XvDIvaurk7jCedEDrJH/xSh5HcEzA3j27j8Z1v/AiNa9oXop/AbH\n8QbM2mMvp2RsxF/hPkhU6MPa9bC2S0M06zy5kKhlj/Gp6yEbhG9ZE8groetNfXGV\nxpqChktYfdnyVzmHsUsfOfqdP/miFxt/IrLMysBJSQ0rxLNuyiUo1p0YySK3YHEi\n0JFPstz7Y5cOiZByLflU5ZKCIIT2Uk05CabP244BwLqxa0Kq3xlbqFxzXbhNrxBE\nj2/5Ko6QvWAtFNV91TZw+/QOB4fKtCscU4aVcfJz6NNLDHxBIBursDU9jZiiGbWD\nRZo7TCdPdVZCrpQfz5hevlXJx8vUfUY13qitt2aIr+IBRFqkhFEw9s4S1LrgIil3\no3h9cLj+EvO3H2F5Chx778iNQyw4ZMVDDK8o4QWmNthrwaDLUdgh0X43/MYTmre4\nIR6DZ4tRv1uO0M+ehOGsXG85u5KVdS9uTk1OHF5QwyMKWXKbchM+KFcAOJe+iNlP\n1n2H+q6d8MGG7j1E+yKrY2qswcoKMvGLZrY4hl/rQ4DA8s09RgdHwKaiamrmWv7j\nNB+/zJX3hvi9s+kuOkdAUoI8QFD2POskQTNkfutWxWyCeXYgLywQI+WDJSrUwkaN\nNdCRuvhEj7sZT/OsAviHckkCAwEAAQ==\n-----END PUBLIC KEY-----\n",
            "rsa_bits": 4096
          },
          "sensitive_attributes": [
            [
              {
                "type": "get_attr",
                "value": "private_key_pem_pkcs8"
              }
            ],
            [
              {
                "type": "get_attr",
                "value": "private_key_openssh"
              }
            ],
            [
              {
                "type": "get_attr",
                "value": "private_key_pem"
              }
            ]
          ]
        }
      ]
    }
  ],
  "check_results": null
}
